
Microsoft Visual Studio Solution File, Format Version 12.00
# Visual Studio Version 17
VisualStudioVersion = 17.11.35222.181
MinimumVisualStudioVersion = 10.0.40219.1
Project("{FAE04EC0-301F-11D3-BF4B-00C04F79EFBC}") = "ClassS", "ClassS\ClassS.csproj", "{02376B72-BB66-481D-8CD8-1F49D531195E}"
EndProject
Global
	GlobalSection(SolutionConfigurationPlatforms) = preSolution
		Debug|Any CPU = Debug|Any CPU
		Release|Any CPU = Release|Any CPU
	EndGlobalSection
	GlobalSection(ProjectConfigurationPlatforms) = postSolution
		{02376B72-BB66-481D-8CD8-1F49D531195E}.Debug|Any CPU.ActiveCfg = Debug|Any CPU
		{02376B72-BB66-481D-8CD8-1F49D531195E}.Debug|Any CPU.Build.0 = Debug|Any CPU
		{02376B72-BB66-481D-8CD8-1F49D531195E}.Release|Any CPU.ActiveCfg = Release|Any CPU
		{02376B72-BB66-481D-8CD8-1F49D531195E}.Release|Any CPU.Build.0 = Release|Any CPU
	EndGlobalSection
	GlobalSection(SolutionProperties) = preSolution
		HideSolutionNode = FALSE
	EndGlobalSection
	GlobalSection(ExtensibilityGlobals) = postSolution
		SolutionGuid = {BEABC90D-2A26-49E9-BDB9-C33FDC60ED4C}
	EndGlobalSection
EndGlobal
